// !$*UTF8*$!
{
	archiveVersion = 1;
	classes = {
	};
	objectVersion = 56;
	objects = {

/* Begin PBXBuildFile section */
		445399572BEBB42F00AED0DE /* AppDelegate.swift in Sources */ = {isa = PBXBuildFile; fileRef = 445399562BEBB42F00AED0DE /* AppDelegate.swift */; };
		445399592BEBB42F00AED0DE /* SceneDelegate.swift in Sources */ = {isa = PBXBuildFile; fileRef = 445399582BEBB42F00AED0DE /* SceneDelegate.swift */; };
		4453995E2BEBB42F00AED0DE /* Base in Resources */ = {isa = PBXBuildFile; fileRef = 4453995D2BEBB42F00AED0DE /* Base */; };
		445399602BEBB43000AED0DE /* Assets.xcassets in Resources */ = {isa = PBXBuildFile; fileRef = 4453995F2BEBB43000AED0DE /* Assets.xcassets */; };
		445399632BEBB43000AED0DE /* Base in Resources */ = {isa = PBXBuildFile; fileRef = 445399622BEBB43000AED0DE /* Base */; };
		4453996D2BEBB49D00AED0DE /* Pushwoosh in Frameworks */ = {isa = PBXBuildFile; productRef = 4453996C2BEBB49D00AED0DE /* Pushwoosh */; };
		445399732BEBC52400AED0DE /* ViewController.swift in Sources */ = {isa = PBXBuildFile; fileRef = 445399722BEBC52400AED0DE /* ViewController.swift */; };
/* End PBXBuildFile section */

/* Begin PBXFileReference section */
		445399532BEBB42F00AED0DE /* inlineInApp.app */ = {isa = PBXFileReference; explicitFileType = wrapper.application; includeInIndex = 0; path = inlineInApp.app; sourceTree = BUILT_PRODUCTS_DIR; };
		445399562BEBB42F00AED0DE /* AppDelegate.swift */ = {isa = PBXFileReference; lastKnownFileType = sourcecode.swift; path = AppDelegate.swift; sourceTree = "<group>"; };
		445399582BEBB42F00AED0DE /* SceneDelegate.swift */ = {isa = PBXFileReference; lastKnownFileType = sourcecode.swift; path = SceneDelegate.swift; sourceTree = "<group>"; };
		4453995D2BEBB42F00AED0DE /* Base */ = {isa = PBXFileReference; lastKnownFileType = file.storyboard; name = Base; path = Base.lproj/Main.storyboard; sourceTree = "<group>"; };
		4453995F2BEBB43000AED0DE /* Assets.xcassets */ = {isa = PBXFileReference; lastKnownFileType = folder.assetcatalog; path = Assets.xcassets; sourceTree = "<group>"; };
		445399622BEBB43000AED0DE /* Base */ = {isa = PBXFileReference; lastKnownFileType = file.storyboard; name = Base; path = Base.lproj/LaunchScreen.storyboard; sourceTree = "<group>"; };
		445399642BEBB43000AED0DE /* Info.plist */ = {isa = PBXFileReference; lastKnownFileType = text.plist.xml; path = Info.plist; sourceTree = "<group>"; };
		4453996A2BEBB45300AED0DE /* inlineInApp.entitlements */ = {isa = PBXFileReference; lastKnownFileType = text.plist.entitlements; path = inlineInApp.entitlements; sourceTree = "<group>"; };
		445399722BEBC52400AED0DE /* ViewController.swift */ = {isa = PBXFileReference; lastKnownFileType = sourcecode.swift; path = ViewController.swift; sourceTree = "<group>"; };
/* End PBXFileReference section */

/* Begin PBXFrameworksBuildPhase section */
		445399502BEBB42F00AED0DE /* Frameworks */ = {
			isa = PBXFrameworksBuildPhase;
			buildActionMask = 2147483647;
			files = (
				4453996D2BEBB49D00AED0DE /* Pushwoosh in Frameworks */,
			);
			runOnlyForDeploymentPostprocessing = 0;
		};
/* End PBXFrameworksBuildPhase section */

/* Begin PBXGroup section */
		4453994A2BEBB42F00AED0DE = {
			isa = PBXGroup;
			children = (
				445399552BEBB42F00AED0DE /* inlineInApp */,
				445399542BEBB42F00AED0DE /* Products */,
			);
			sourceTree = "<group>";
		};
		445399542BEBB42F00AED0DE /* Products */ = {
			isa = PBXGroup;
			children = (
				445399532BEBB42F00AED0DE /* inlineInApp.app */,
			);
			name = Products;
			sourceTree = "<group>";
		};
		445399552BEBB42F00AED0DE /* inlineInApp */ = {
			isa = PBXGroup;
			children = (
				4453996A2BEBB45300AED0DE /* inlineInApp.entitlements */,
				445399562BEBB42F00AED0DE /* AppDelegate.swift */,
				445399582BEBB42F00AED0DE /* SceneDelegate.swift */,
				445399722BEBC52400AED0DE /* ViewController.swift */,
				4453995C2BEBB42F00AED0DE /* Main.storyboard */,
				4453995F2BEBB43000AED0DE /* Assets.xcassets */,
				445399612BEBB43000AED0DE /* LaunchScreen.storyboard */,
				445399642BEBB43000AED0DE /* Info.plist */,
			);
			path = inlineInApp;
			sourceTree = "<group>";
		};
/* End PBXGroup section */

/* Begin PBXNativeTarget section */
		445399522BEBB42F00AED0DE /* inlineInApp */ = {
			isa = PBXNativeTarget;
			buildConfigurationList = 445399672BEBB43000AED0DE /* Build configuration list for PBXNativeTarget "inlineInApp" */;
			buildPhases = (
				4453994F2BEBB42F00AED0DE /* Sources */,
				445399502BEBB42F00AED0DE /* Frameworks */,
				445399512BEBB42F00AED0DE /* Resources */,
			);
			buildRules = (
			);
			dependencies = (
			);
			name = inlineInApp;
			packageProductDependencies = (
				4453996C2BEBB49D00AED0DE /* Pushwoosh */,
			);
			productName = inlineInApp;
			productReference = 445399532BEBB42F00AED0DE /* inlineInApp.app */;
			productType = "com.apple.product-type.application";
		};
/* End PBXNativeTarget section */

/* Begin PBXProject section */
		4453994B2BEBB42F00AED0DE /* Project object */ = {
			isa = PBXProject;
			attributes = {
				BuildIndependentTargetsInParallel = 1;
				LastSwiftUpdateCheck = 1530;
				LastUpgradeCheck = 1530;
				TargetAttributes = {
					445399522BEBB42F00AED0DE = {
						CreatedOnToolsVersion = 15.3;
					};
				};
			};
			buildConfigurationList = 4453994E2BEBB42F00AED0DE /* Build configuration list for PBXProject "inlineInApp" */;
			compatibilityVersion = "Xcode 14.0";
			developmentRegion = en;
			hasScannedForEncodings = 0;
			knownRegions = (
				en,
				Base,
			);
			mainGroup = 4453994A2BEBB42F00AED0DE;
			packageReferences = (
				4453996B2BEBB49D00AED0DE /* XCRemoteSwiftPackageReference "Pushwoosh-XCFramework" */,
			);
			productRefGroup = 445399542BEBB42F00AED0DE /* Products */;
			projectDirPath = "";
			projectRoot = "";
			targets = (
				445399522BEBB42F00AED0DE /* inlineInApp */,
			);
		};
/* End PBXProject section */

/* Begin PBXResourcesBuildPhase section */
		445399512BEBB42F00AED0DE /* Resources */ = {
			isa = PBXResourcesBuildPhase;
			buildActionMask = 2147483647;
			files = (
				445399602BEBB43000AED0DE /* Assets.xcassets in Resources */,
				445399632BEBB43000AED0DE /* Base in Resources */,
				4453995E2BEBB42F00AED0DE /* Base in Resources */,
			);
			runOnlyForDeploymentPostprocessing = 0;
		};
/* End PBXResourcesBuildPhase section */

/* Begin PBXSourcesBuildPhase section */
		4453994F2BEBB42F00AED0DE /* Sources */ = {
			isa = PBXSourcesBuildPhase;
			buildActionMask = 2147483647;
			files = (
				445399572BEBB42F00AED0DE /* AppDelegate.swift in Sources */,
				445399592BEBB42F00AED0DE /* SceneDelegate.swift in Sources */,
				445399732BEBC52400AED0DE /* ViewController.swift in Sources */,
			);
			runOnlyForDeploymentPostprocessing = 0;
		};
/* End PBXSourcesBuildPhase section */

/* Begin PBXVariantGroup section */
		4453995C2BEBB42F00AED0DE /* Main.storyboard */ = {
			isa = PBXVariantGroup;
			children = (
				4453995D2BEBB42F00AED0DE /* Base */,
			);
			name = Main.storyboard;
			sourceTree = "<group>";
		};
		445399612BEBB43000AED0DE /* LaunchScreen.storyboard */ = {
			isa = PBXVariantGroup;
			children = (
				445399622BEBB43000AED0DE /* Base */,
			);
			name = LaunchScreen.storyboard;
			sourceTree = "<group>";
		};
/* End PBXVariantGroup section */

/* Begin XCBuildConfiguration section */
		445399652BEBB43000AED0DE /* Debug */ = {
			isa = XCBuildConfiguration;
			buildSettings = {
				ALWAYS_SEARCH_USER_PATHS = NO;
				ASSETCATALOG_COMPILER_GENERATE_SWIFT_ASSET_SYMBOL_EXTENSIONS = YES;
				CLANG_ANALYZER_NONNULL = YES;
				CLANG_ANALYZER_NUMBER_OBJECT_CONVERSION = YES_AGGRESSIVE;
				CLANG_CXX_LANGUAGE_STANDARD = "gnu++20";
				CLANG_ENABLE_MODULES = YES;
				CLANG_ENABLE_OBJC_ARC = YES;
				CLANG_ENABLE_OBJC_WEAK = YES;
				CLANG_WARN_BLOCK_CAPTURE_AUTORELEASING = YES;
				CLANG_WARN_BOOL_CONVERSION = YES;
				CLANG_WARN_COMMA = YES;
				CLANG_WARN_CONSTANT_CONVERSION = YES;
				CLANG_WARN_DEPRECATED_OBJC_IMPLEMENTATIONS = YES;
				CLANG_WARN_DIRECT_OBJC_ISA_USAGE = YES_ERROR;
				CLANG_WARN_DOCUMENTATION_COMMENTS = YES;
				CLANG_WARN_EMPTY_BODY = YES;
				CLANG_WARN_ENUM_CONVERSION = YES;
				CLANG_WARN_INFINITE_RECURSION = YES;
				CLANG_WARN_INT_CONVERSION = YES;
				CLANG_WARN_NON_LITERAL_NULL_CONVERSION = YES;
				CLANG_WARN_OBJC_IMPLICIT_RETAIN_SELF = YES;
				CLANG_WARN_OBJC_LITERAL_CONVERSION = YES;
				CLANG_WARN_OBJC_ROOT_CLASS = YES_ERROR;
				CLANG_WARN_QUOTED_INCLUDE_IN_FRAMEWORK_HEADER = YES;
				CLANG_WARN_RANGE_LOOP_ANALYSIS = YES;
				CLANG_WARN_STRICT_PROTOTYPES = YES;
				CLANG_WARN_SUSPICIOUS_MOVE = YES;
				CLANG_WARN_UNGUARDED_AVAILABILITY = YES_AGGRESSIVE;
				CLANG_WARN_UNREACHABLE_CODE = YES;
				CLANG_WARN__DUPLICATE_METHOD_MATCH = YES;
				COPY_PHASE_STRIP = NO;
				DEBUG_INFORMATION_FORMAT = dwarf;
				ENABLE_STRICT_OBJC_MSGSEND = YES;
				ENABLE_TESTABILITY = YES;
				ENABLE_USER_SCRIPT_SANDBOXING = YES;
				GCC_C_LANGUAGE_STANDARD = gnu17;
				GCC_DYNAMIC_NO_PIC = NO;
				GCC_NO_COMMON_BLOCKS = YES;
				GCC_OPTIMIZATION_LEVEL = 0;
				GCC_PREPROCESSOR_DEFINITIONS = (
					"DEBUG=1",
					"$(inherited)",
				);
				GCC_WARN_64_TO_32_BIT_CONVERSION = YES;
				GCC_WARN_ABOUT_RETURN_TYPE = YES_ERROR;
				GCC_WARN_UNDECLARED_SELECTOR = YES;
				GCC_WARN_UNINITIALIZED_AUTOS = YES_AGGRESSIVE;
				GCC_WARN_UNUSED_FUNCTION = YES;
				GCC_WARN_UNUSED_VARIABLE = YES;
				IPHONEOS_DEPLOYMENT_TARGET = 17.4;
				LOCALIZATION_PREFERS_STRING_CATALOGS = YES;
				MTL_ENABLE_DEBUG_INFO = INCLUDE_SOURCE;
				MTL_FAST_MATH = YES;
				ONLY_ACTIVE_ARCH = YES;
				SDKROOT = iphoneos;
				SWIFT_ACTIVE_COMPILATION_CONDITIONS = "DEBUG $(inherited)";
				SWIFT_OPTIMIZATION_LEVEL = "-Onone";
			};
			name = Debug;
		};
		445399662BEBB43000AED0DE /* Release */ = {
			isa = XCBuildConfiguration;
			buildSettings = {
				ALWAYS_SEARCH_USER_PATHS = NO;
				ASSETCATALOG_COMPILER_GENERATE_SWIFT_ASSET_SYMBOL_EXTENSIONS = YES;
				CLANG_ANALYZER_NONNULL = YES;
				CLANG_ANALYZER_NUMBER_OBJECT_CONVERSION = YES_AGGRESSIVE;
				CLANG_CXX_LANGUAGE_STANDARD = "gnu++20";
				CLANG_ENABLE_MODULES = YES;
				CLANG_ENABLE_OBJC_ARC = YES;
				CLANG_ENABLE_OBJC_WEAK = YES;
				CLANG_WARN_BLOCK_CAPTURE_AUTORELEASING = YES;
				CLANG_WARN_BOOL_CONVERSION = YES;
				CLANG_WARN_COMMA = YES;
				CLANG_WARN_CONSTANT_CONVERSION = YES;
				CLANG_WARN_DEPRECATED_OBJC_IMPLEMENTATIONS = YES;
				CLANG_WARN_DIRECT_OBJC_ISA_USAGE = YES_ERROR;
				CLANG_WARN_DOCUMENTATION_COMMENTS = YES;
				CLANG_WARN_EMPTY_BODY = YES;
				CLANG_WARN_ENUM_CONVERSION = YES;
				CLANG_WARN_INFINITE_RECURSION = YES;
				CLANG_WARN_INT_CONVERSION = YES;
				CLANG_WARN_NON_LITERAL_NULL_CONVERSION = YES;
				CLANG_WARN_OBJC_IMPLICIT_RETAIN_SELF = YES;
				CLANG_WARN_OBJC_LITERAL_CONVERSION = YES;
				CLANG_WARN_OBJC_ROOT_CLASS = YES_ERROR;
				CLANG_WARN_QUOTED_INCLUDE_IN_FRAMEWORK_HEADER = YES;
				CLANG_WARN_RANGE_LOOP_ANALYSIS = YES;
				CLANG_WARN_STRICT_PROTOTYPES = YES;
				CLANG_WARN_SUSPICIOUS_MOVE = YES;
				CLANG_WARN_UNGUARDED_AVAILABILITY = YES_AGGRESSIVE;
				CLANG_WARN_UNREACHABLE_CODE = YES;
				CLANG_WARN__DUPLICATE_METHOD_MATCH = YES;
				COPY_PHASE_STRIP = NO;
				DEBUG_INFORMATION_FORMAT = "dwarf-with-dsym";
				ENABLE_NS_ASSERTIONS = NO;
				ENABLE_STRICT_OBJC_MSGSEND = YES;
				ENABLE_USER_SCRIPT_SANDBOXING = YES;
				GCC_C_LANGUAGE_STANDARD = gnu17;
				GCC_NO_COMMON_BLOCKS = YES;
				GCC_WARN_64_TO_32_BIT_CONVERSION = YES;
				GCC_WARN_ABOUT_RETURN_TYPE = YES_ERROR;
				GCC_WARN_UNDECLARED_SELECTOR = YES;
				GCC_WARN_UNINITIALIZED_AUTOS = YES_AGGRESSIVE;
				GCC_WARN_UNUSED_FUNCTION = YES;
				GCC_WARN_UNUSED_VARIABLE = YES;
				IPHONEOS_DEPLOYMENT_TARGET = 17.4;
				LOCALIZATION_PREFERS_STRING_CATALOGS = YES;
				MTL_ENABLE_DEBUG_INFO = NO;
				MTL_FAST_MATH = YES;
				SDKROOT = iphoneos;
				SWIFT_COMPILATION_MODE = wholemodule;
				VALIDATE_PRODUCT = YES;
			};
			name = Release;
		};
		445399682BEBB43000AED0DE /* Debug */ = {
			isa = XCBuildConfiguration;
			buildSettings = {
				ASSETCATALOG_COMPILER_APPICON_NAME = AppIcon;
				ASSETCATALOG_COMPILER_GLOBAL_ACCENT_COLOR_NAME = AccentColor;
				CODE_SIGN_ENTITLEMENTS = inlineInApp/inlineInApp.entitlements;
				CODE_SIGN_STYLE = Manual;
				CURRENT_PROJECT_VERSION = 1;
				DEVELOPMENT_TEAM = "";
				GENERATE_INFOPLIST_FILE = YES;
				INFOPLIST_FILE = inlineInApp/Info.plist;
				INFOPLIST_KEY_UIApplicationSupportsIndirectInputEvents = YES;
				INFOPLIST_KEY_UILaunchStoryboardName = LaunchScreen;
				INFOPLIST_KEY_UIMainStoryboardFile = Main;
				INFOPLIST_KEY_UISupportedInterfaceOrientations_iPad = "UIInterfaceOrientationPortrait UIInterfaceOrientationPortraitUpsideDown UIInterfaceOrientationLandscapeLeft UIInterfaceOrientationLandscapeRight";
				INFOPLIST_KEY_UISupportedInterfaceOrientations_iPhone = "UIInterfaceOrientationPortrait UIInterfaceOrientationLandscapeLeft UIInterfaceOrientationLandscapeRight";
				LD_RUNPATH_SEARCH_PATHS = (
					"$(inherited)",
					"@executable_path/Frameworks",
				);
				MARKETING_VERSION = 1.0;
				PRODUCT_BUNDLE_IDENTIFIER = com.pushwoosh.newdemo;
				PRODUCT_NAME = "$(TARGET_NAME)";
				PROVISIONING_PROFILE_SPECIFIER = "";
				SWIFT_EMIT_LOC_STRINGS = YES;
				SWIFT_VERSION = 5.0;
				TARGETED_DEVICE_FAMILY = "1,2";
			};
			name = Debug;
		};
		445399692BEBB43000AED0DE /* Release */ = {
			isa = XCBuildConfiguration;
			buildSettings = {
				ASSETCATALOG_COMPILER_APPICON_NAME = AppIcon;
				ASSETCATALOG_COMPILER_GLOBAL_ACCENT_COLOR_NAME = AccentColor;
				CODE_SIGN_ENTITLEMENTS = inlineInApp/inlineInApp.entitlements;
				CODE_SIGN_STYLE = Manual;
				CURRENT_PROJECT_VERSION = 1;
				DEVELOPMENT_TEAM = "";
				GENERATE_INFOPLIST_FILE = YES;
				INFOPLIST_FILE = inlineInApp/Info.plist;
				INFOPLIST_KEY_UIApplicationSupportsIndirectInputEvents = YES;
				INFOPLIST_KEY_UILaunchStoryboardName = LaunchScreen;
				INFOPLIST_KEY_UIMainStoryboardFile = Main;
				INFOPLIST_KEY_UISupportedInterfaceOrientations_iPad = "UIInterfaceOrientationPortrait UIInterfaceOrientationPortraitUpsideDown UIInterfaceOrientationLandscapeLeft UIInterfaceOrientationLandscapeRight";
				INFOPLIST_KEY_UISupportedInterfaceOrientations_iPhone = "UIInterfaceOrientationPortrait UIInterfaceOrientationLandscapeLeft UIInterfaceOrientationLandscapeRight";
				LD_RUNPATH_SEARCH_PATHS = (
					"$(inherited)",
					"@executable_path/Frameworks",
				);
				MARKETING_VERSION = 1.0;
				PRODUCT_BUNDLE_IDENTIFIER = com.pushwoosh.newdemo;
				PRODUCT_NAME = "$(TARGET_NAME)";
				PROVISIONING_PROFILE_SPECIFIER = "";
				SWIFT_EMIT_LOC_STRINGS = YES;
				SWIFT_VERSION = 5.0;
				TARGETED_DEVICE_FAMILY = "1,2";
			};
			name = Release;
		};
/* End XCBuildConfiguration section */

/* Begin XCConfigurationList section */
		4453994E2BEBB42F00AED0DE /* Build configuration list for PBXProject "inlineInApp" */ = {
			isa = XCConfigurationList;
			buildConfigurations = (
				445399652BEBB43000AED0DE /* Debug */,
				445399662BEBB43000AED0DE /* Release */,
			);
			defaultConfigurationIsVisible = 0;
			defaultConfigurationName = Release;
		};
		445399672BEBB43000AED0DE /* Build configuration list for PBXNativeTarget "inlineInApp" */ = {
			isa = XCConfigurationList;
			buildConfigurations = (
				445399682BEBB43000AED0DE /* Debug */,
				445399692BEBB43000AED0DE /* Release */,
			);
			defaultConfigurationIsVisible = 0;
			defaultConfigurationName = Release;
		};
/* End XCConfigurationList section */

/* Begin XCRemoteSwiftPackageReference section */
		4453996B2BEBB49D00AED0DE /* XCRemoteSwiftPackageReference "Pushwoosh-XCFramework" */ = {
			isa = XCRemoteSwiftPackageReference;
			repositoryURL = "https://github.com/Pushwoosh/Pushwoosh-XCFramework";
			requirement = {
				kind = upToNextMajorVersion;
				minimumVersion = 6.5.11;
			};
		};
/* End XCRemoteSwiftPackageReference section */

/* Begin XCSwiftPackageProductDependency section */
		4453996C2BEBB49D00AED0DE /* Pushwoosh */ = {
			isa = XCSwiftPackageProductDependency;
			package = 4453996B2BEBB49D00AED0DE /* XCRemoteSwiftPackageReference "Pushwoosh-XCFramework" */;
			productName = Pushwoosh;
		};
/* End XCSwiftPackageProductDependency section */
	};
	rootObject = 4453994B2BEBB42F00AED0DE /* Project object */;
}
