// !$*UTF8*$!
{
	archiveVersion = 1;
	classes = {
	};
	objectVersion = 55;
	objects = {

/* Begin PBXBuildFile section */
		44EF8A922C64D0B400DB2F34 /* PushwooshInboxUI.framework in Frameworks */ = {isa = PBXBuildFile; fileRef = 44EF8A8D2C64D0A100DB2F34 /* PushwooshInboxUI.framework */; };
		44EF8A932C64D0B400DB2F34 /* PushwooshInboxUI.framework in Embed Frameworks */ = {isa = PBXBuildFile; fileRef = 44EF8A8D2C64D0A100DB2F34 /* PushwooshInboxUI.framework */; settings = {ATTRIBUTES = (CodeSignOnCopy, RemoveHeadersOnCopy, ); }; };
		44EF8AB22C64D0DB00DB2F34 /* Pushwoosh.framework in Frameworks */ = {isa = PBXBuildFile; fileRef = 44EF8AA52C64D0D300DB2F34 /* Pushwoosh.framework */; };
		44EF8AB32C64D0DB00DB2F34 /* Pushwoosh.framework in Embed Frameworks */ = {isa = PBXBuildFile; fileRef = 44EF8AA52C64D0D300DB2F34 /* Pushwoosh.framework */; settings = {ATTRIBUTES = (CodeSignOnCopy, RemoveHeadersOnCopy, ); }; };
		44EF8AB72C64D2A400DB2F34 /* PushwooshInboxBundle.bundle in Resources */ = {isa = PBXBuildFile; fileRef = 44EF8AB62C64D2A400DB2F34 /* PushwooshInboxBundle.bundle */; };
		9795957B271C2AC400046A53 /* AppDelegate.swift in Sources */ = {isa = PBXBuildFile; fileRef = 9795957A271C2AC400046A53 /* AppDelegate.swift */; };
		9795957D271C2AC400046A53 /* SceneDelegate.swift in Sources */ = {isa = PBXBuildFile; fileRef = 9795957C271C2AC400046A53 /* SceneDelegate.swift */; };
		9795957F271C2AC400046A53 /* ViewController.swift in Sources */ = {isa = PBXBuildFile; fileRef = 9795957E271C2AC400046A53 /* ViewController.swift */; };
		97959582271C2AC400046A53 /* Main.storyboard in Resources */ = {isa = PBXBuildFile; fileRef = 97959580271C2AC400046A53 /* Main.storyboard */; };
		97959584271C2AC500046A53 /* Assets.xcassets in Resources */ = {isa = PBXBuildFile; fileRef = 97959583271C2AC500046A53 /* Assets.xcassets */; };
		97959587271C2AC500046A53 /* LaunchScreen.storyboard in Resources */ = {isa = PBXBuildFile; fileRef = 97959585271C2AC500046A53 /* LaunchScreen.storyboard */; };
		979595A2271C32C400046A53 /* CustomInboxViewController.swift in Sources */ = {isa = PBXBuildFile; fileRef = 979595A1271C32C400046A53 /* CustomInboxViewController.swift */; };
/* End PBXBuildFile section */

/* Begin PBXContainerItemProxy section */
		44EF8A8C2C64D0A100DB2F34 /* PBXContainerItemProxy */ = {
			isa = PBXContainerItemProxy;
			containerPortal = 44EF8A852C64D0A100DB2F34 /* PushwooshInboxUI.xcodeproj */;
			proxyType = 2;
			remoteGlobalIDString = A4DB69A11FA98A37007210E6;
			remoteInfo = PushwooshInboxUI;
		};
		44EF8A8E2C64D0A100DB2F34 /* PBXContainerItemProxy */ = {
			isa = PBXContainerItemProxy;
			containerPortal = 44EF8A852C64D0A100DB2F34 /* PushwooshInboxUI.xcodeproj */;
			proxyType = 2;
			remoteGlobalIDString = A4DCE5091FBAE3E7009CE923;
			remoteInfo = PushwooshInboxUI.iOS;
		};
		44EF8A902C64D0A100DB2F34 /* PBXContainerItemProxy */ = {
			isa = PBXContainerItemProxy;
			containerPortal = 44EF8A852C64D0A100DB2F34 /* PushwooshInboxUI.xcodeproj */;
			proxyType = 2;
			remoteGlobalIDString = A469F6191FBD85030062CBF5;
			remoteInfo = PushwooshInboxBundle;
		};
		44EF8AA22C64D0D300DB2F34 /* PBXContainerItemProxy */ = {
			isa = PBXContainerItemProxy;
			containerPortal = 44EF8A942C64D0D300DB2F34 /* Pushwoosh.xcodeproj */;
			proxyType = 2;
			remoteGlobalIDString = D2AAC07E0554694100DB518D;
			remoteInfo = Pushwoosh.ios;
		};
		44EF8AA42C64D0D300DB2F34 /* PBXContainerItemProxy */ = {
			isa = PBXContainerItemProxy;
			containerPortal = 44EF8A942C64D0D300DB2F34 /* Pushwoosh.xcodeproj */;
			proxyType = 2;
			remoteGlobalIDString = 467EB9371DFEC23A00506823;
			remoteInfo = PushwooshiOS;
		};
		44EF8AA62C64D0D300DB2F34 /* PBXContainerItemProxy */ = {
			isa = PBXContainerItemProxy;
			containerPortal = 44EF8A942C64D0D300DB2F34 /* Pushwoosh.xcodeproj */;
			proxyType = 2;
			remoteGlobalIDString = C42A20691D06CBB800CC3BCB;
			remoteInfo = Pushwoosh.mac;
		};
		44EF8AA82C64D0D300DB2F34 /* PBXContainerItemProxy */ = {
			isa = PBXContainerItemProxy;
			containerPortal = 44EF8A942C64D0D300DB2F34 /* Pushwoosh.xcodeproj */;
			proxyType = 2;
			remoteGlobalIDString = 467F61F21EB87F3300548315;
			remoteInfo = PushwooshMac;
		};
		44EF8AAA2C64D0D300DB2F34 /* PBXContainerItemProxy */ = {
			isa = PBXContainerItemProxy;
			containerPortal = 44EF8A942C64D0D300DB2F34 /* Pushwoosh.xcodeproj */;
			proxyType = 2;
			remoteGlobalIDString = 5DA6EBC722E18CAD00097C50;
			remoteInfo = Pushwoosh.watchOS;
		};
		44EF8AAC2C64D0D300DB2F34 /* PBXContainerItemProxy */ = {
			isa = PBXContainerItemProxy;
			containerPortal = 44EF8A942C64D0D300DB2F34 /* Pushwoosh.xcodeproj */;
			proxyType = 2;
			remoteGlobalIDString = 5D4496BF22F01C6B00BD62F4;
			remoteInfo = Pushwoosh.watchOS.dynamic;
		};
		44EF8AAE2C64D0D300DB2F34 /* PBXContainerItemProxy */ = {
			isa = PBXContainerItemProxy;
			containerPortal = 44EF8A942C64D0D300DB2F34 /* Pushwoosh.xcodeproj */;
			proxyType = 2;
			remoteGlobalIDString = 46FA9E341C7DB1AA00741A11;
			remoteInfo = PushwooshTests;
		};
		44EF8AB02C64D0D300DB2F34 /* PBXContainerItemProxy */ = {
			isa = PBXContainerItemProxy;
			containerPortal = 44EF8A942C64D0D300DB2F34 /* Pushwoosh.xcodeproj */;
			proxyType = 2;
			remoteGlobalIDString = 449CC00B2BA9C289003E16DC;
			remoteInfo = PushwooshVisionOS;
		};
/* End PBXContainerItemProxy section */

/* Begin PBXCopyFilesBuildPhase section */
		9795959A271C2E9100046A53 /* Embed Frameworks */ = {
			isa = PBXCopyFilesBuildPhase;
			buildActionMask = 2147483647;
			dstPath = "";
			dstSubfolderSpec = 10;
			files = (
				44EF8A932C64D0B400DB2F34 /* PushwooshInboxUI.framework in Embed Frameworks */,
				44EF8AB32C64D0DB00DB2F34 /* Pushwoosh.framework in Embed Frameworks */,
			);
			name = "Embed Frameworks";
			runOnlyForDeploymentPostprocessing = 0;
		};
/* End PBXCopyFilesBuildPhase section */

/* Begin PBXFileReference section */
		44EF8A852C64D0A100DB2F34 /* PushwooshInboxUI.xcodeproj */ = {isa = PBXFileReference; lastKnownFileType = "wrapper.pb-project"; name = PushwooshInboxUI.xcodeproj; path = ../Modules/PushwooshInboxUI/PushwooshInboxUI.xcodeproj; sourceTree = "<group>"; };
		44EF8A942C64D0D300DB2F34 /* Pushwoosh.xcodeproj */ = {isa = PBXFileReference; lastKnownFileType = "wrapper.pb-project"; name = Pushwoosh.xcodeproj; path = ../Module_ios/iOS_SDK/Pushwoosh/Pushwoosh.xcodeproj; sourceTree = "<group>"; };
		44EF8AB62C64D2A400DB2F34 /* PushwooshInboxBundle.bundle */ = {isa = PBXFileReference; lastKnownFileType = "wrapper.plug-in"; name = PushwooshInboxBundle.bundle; path = ../Modules/Framework/PushwooshInboxBundle.bundle; sourceTree = "<group>"; };
		97959577271C2AC400046A53 /* inbox.app */ = {isa = PBXFileReference; explicitFileType = wrapper.application; includeInIndex = 0; path = inbox.app; sourceTree = BUILT_PRODUCTS_DIR; };
		9795957A271C2AC400046A53 /* AppDelegate.swift */ = {isa = PBXFileReference; lastKnownFileType = sourcecode.swift; path = AppDelegate.swift; sourceTree = "<group>"; };
		9795957C271C2AC400046A53 /* SceneDelegate.swift */ = {isa = PBXFileReference; lastKnownFileType = sourcecode.swift; path = SceneDelegate.swift; sourceTree = "<group>"; };
		9795957E271C2AC400046A53 /* ViewController.swift */ = {isa = PBXFileReference; lastKnownFileType = sourcecode.swift; path = ViewController.swift; sourceTree = "<group>"; };
		97959581271C2AC400046A53 /* Base */ = {isa = PBXFileReference; lastKnownFileType = file.storyboard; name = Base; path = Base.lproj/Main.storyboard; sourceTree = "<group>"; };
		97959583271C2AC500046A53 /* Assets.xcassets */ = {isa = PBXFileReference; lastKnownFileType = folder.assetcatalog; path = Assets.xcassets; sourceTree = "<group>"; };
		97959586271C2AC500046A53 /* Base */ = {isa = PBXFileReference; lastKnownFileType = file.storyboard; name = Base; path = Base.lproj/LaunchScreen.storyboard; sourceTree = "<group>"; };
		97959588271C2AC500046A53 /* Info.plist */ = {isa = PBXFileReference; lastKnownFileType = text.plist.xml; path = Info.plist; sourceTree = "<group>"; };
		979595A1271C32C400046A53 /* CustomInboxViewController.swift */ = {isa = PBXFileReference; lastKnownFileType = sourcecode.swift; path = CustomInboxViewController.swift; sourceTree = "<group>"; };
		979595A5271C3C7700046A53 /* inbox.entitlements */ = {isa = PBXFileReference; lastKnownFileType = text.plist.entitlements; path = inbox.entitlements; sourceTree = "<group>"; };
/* End PBXFileReference section */

/* Begin PBXFrameworksBuildPhase section */
		97959574271C2AC400046A53 /* Frameworks */ = {
			isa = PBXFrameworksBuildPhase;
			buildActionMask = 2147483647;
			files = (
				44EF8A922C64D0B400DB2F34 /* PushwooshInboxUI.framework in Frameworks */,
				44EF8AB22C64D0DB00DB2F34 /* Pushwoosh.framework in Frameworks */,
			);
			runOnlyForDeploymentPostprocessing = 0;
		};
/* End PBXFrameworksBuildPhase section */

/* Begin PBXGroup section */
		44EF8A862C64D0A100DB2F34 /* Products */ = {
			isa = PBXGroup;
			children = (
				44EF8A8D2C64D0A100DB2F34 /* PushwooshInboxUI.framework */,
				44EF8A8F2C64D0A100DB2F34 /* libPushwooshInboxUI.a */,
				44EF8A912C64D0A100DB2F34 /* PushwooshInboxBundle.bundle */,
			);
			name = Products;
			sourceTree = "<group>";
		};
		44EF8A952C64D0D300DB2F34 /* Products */ = {
			isa = PBXGroup;
			children = (
				44EF8AA32C64D0D300DB2F34 /* libPushwoosh.a */,
				44EF8AA52C64D0D300DB2F34 /* Pushwoosh.framework */,
				44EF8AA72C64D0D300DB2F34 /* libPushwoosh.a */,
				44EF8AA92C64D0D300DB2F34 /* Pushwoosh.framework */,
				44EF8AAB2C64D0D300DB2F34 /* libPushwoosh.watchOS.a */,
				44EF8AAD2C64D0D300DB2F34 /* Pushwoosh.framework */,
				44EF8AAF2C64D0D300DB2F34 /* PushwooshTests.xctest */,
				44EF8AB12C64D0D300DB2F34 /* Pushwoosh.framework */,
			);
			name = Products;
			sourceTree = "<group>";
		};
		97636C172721B35C006A4C4D /* CustomInboxViewController */ = {
			isa = PBXGroup;
			children = (
				979595A1271C32C400046A53 /* CustomInboxViewController.swift */,
			);
			path = CustomInboxViewController;
			sourceTree = "<group>";
		};
		9795956E271C2AC300046A53 = {
			isa = PBXGroup;
			children = (
				44EF8AB62C64D2A400DB2F34 /* PushwooshInboxBundle.bundle */,
				97959579271C2AC400046A53 /* inbox */,
				97959578271C2AC400046A53 /* Products */,
				9795958E271C2B1E00046A53 /* Frameworks */,
			);
			sourceTree = "<group>";
		};
		97959578271C2AC400046A53 /* Products */ = {
			isa = PBXGroup;
			children = (
				97959577271C2AC400046A53 /* inbox.app */,
			);
			name = Products;
			sourceTree = "<group>";
		};
		97959579271C2AC400046A53 /* inbox */ = {
			isa = PBXGroup;
			children = (
				979595A5271C3C7700046A53 /* inbox.entitlements */,
				979595A3271C33B000046A53 /* AppDelegate */,
				979595A4271C33C200046A53 /* SceneDelegate */,
				9795957E271C2AC400046A53 /* ViewController.swift */,
				97636C172721B35C006A4C4D /* CustomInboxViewController */,
				97959580271C2AC400046A53 /* Main.storyboard */,
				97959583271C2AC500046A53 /* Assets.xcassets */,
				97959585271C2AC500046A53 /* LaunchScreen.storyboard */,
				97959588271C2AC500046A53 /* Info.plist */,
			);
			path = inbox;
			sourceTree = "<group>";
		};
		9795958E271C2B1E00046A53 /* Frameworks */ = {
			isa = PBXGroup;
			children = (
				44EF8A942C64D0D300DB2F34 /* Pushwoosh.xcodeproj */,
				44EF8A852C64D0A100DB2F34 /* PushwooshInboxUI.xcodeproj */,
			);
			name = Frameworks;
			sourceTree = "<group>";
		};
		979595A3271C33B000046A53 /* AppDelegate */ = {
			isa = PBXGroup;
			children = (
				9795957A271C2AC400046A53 /* AppDelegate.swift */,
			);
			path = AppDelegate;
			sourceTree = "<group>";
		};
		979595A4271C33C200046A53 /* SceneDelegate */ = {
			isa = PBXGroup;
			children = (
				9795957C271C2AC400046A53 /* SceneDelegate.swift */,
			);
			path = SceneDelegate;
			sourceTree = "<group>";
		};
/* End PBXGroup section */

/* Begin PBXNativeTarget section */
		97959576271C2AC400046A53 /* inbox */ = {
			isa = PBXNativeTarget;
			buildConfigurationList = 9795958B271C2AC500046A53 /* Build configuration list for PBXNativeTarget "inbox" */;
			buildPhases = (
				97959573271C2AC400046A53 /* Sources */,
				97959574271C2AC400046A53 /* Frameworks */,
				97959575271C2AC400046A53 /* Resources */,
				9795959A271C2E9100046A53 /* Embed Frameworks */,
			);
			buildRules = (
			);
			dependencies = (
			);
			name = inbox;
			packageProductDependencies = (
			);
			productName = inbox;
			productReference = 97959577271C2AC400046A53 /* inbox.app */;
			productType = "com.apple.product-type.application";
		};
/* End PBXNativeTarget section */

/* Begin PBXProject section */
		9795956F271C2AC300046A53 /* Project object */ = {
			isa = PBXProject;
			attributes = {
				BuildIndependentTargetsInParallel = 1;
				LastSwiftUpdateCheck = 1300;
				LastUpgradeCheck = 1300;
				TargetAttributes = {
					97959576271C2AC400046A53 = {
						CreatedOnToolsVersion = 13.0;
					};
				};
			};
			buildConfigurationList = 97959572271C2AC300046A53 /* Build configuration list for PBXProject "inbox" */;
			compatibilityVersion = "Xcode 13.0";
			developmentRegion = en;
			hasScannedForEncodings = 0;
			knownRegions = (
				en,
				Base,
			);
			mainGroup = 9795956E271C2AC300046A53;
			packageReferences = (
			);
			productRefGroup = 97959578271C2AC400046A53 /* Products */;
			projectDirPath = "";
			projectReferences = (
				{
					ProductGroup = 44EF8A952C64D0D300DB2F34 /* Products */;
					ProjectRef = 44EF8A942C64D0D300DB2F34 /* Pushwoosh.xcodeproj */;
				},
				{
					ProductGroup = 44EF8A862C64D0A100DB2F34 /* Products */;
					ProjectRef = 44EF8A852C64D0A100DB2F34 /* PushwooshInboxUI.xcodeproj */;
				},
			);
			projectRoot = "";
			targets = (
				97959576271C2AC400046A53 /* inbox */,
			);
		};
/* End PBXProject section */

/* Begin PBXReferenceProxy section */
		44EF8A8D2C64D0A100DB2F34 /* PushwooshInboxUI.framework */ = {
			isa = PBXReferenceProxy;
			fileType = wrapper.framework;
			path = PushwooshInboxUI.framework;
			remoteRef = 44EF8A8C2C64D0A100DB2F34 /* PBXContainerItemProxy */;
			sourceTree = BUILT_PRODUCTS_DIR;
		};
		44EF8A8F2C64D0A100DB2F34 /* libPushwooshInboxUI.a */ = {
			isa = PBXReferenceProxy;
			fileType = archive.ar;
			path = libPushwooshInboxUI.a;
			remoteRef = 44EF8A8E2C64D0A100DB2F34 /* PBXContainerItemProxy */;
			sourceTree = BUILT_PRODUCTS_DIR;
		};
		44EF8A912C64D0A100DB2F34 /* PushwooshInboxBundle.bundle */ = {
			isa = PBXReferenceProxy;
			fileType = wrapper.cfbundle;
			path = PushwooshInboxBundle.bundle;
			remoteRef = 44EF8A902C64D0A100DB2F34 /* PBXContainerItemProxy */;
			sourceTree = BUILT_PRODUCTS_DIR;
		};
		44EF8AA32C64D0D300DB2F34 /* libPushwoosh.a */ = {
			isa = PBXReferenceProxy;
			fileType = archive.ar;
			path = libPushwoosh.a;
			remoteRef = 44EF8AA22C64D0D300DB2F34 /* PBXContainerItemProxy */;
			sourceTree = BUILT_PRODUCTS_DIR;
		};
		44EF8AA52C64D0D300DB2F34 /* Pushwoosh.framework */ = {
			isa = PBXReferenceProxy;
			fileType = wrapper.framework;
			path = Pushwoosh.framework;
			remoteRef = 44EF8AA42C64D0D300DB2F34 /* PBXContainerItemProxy */;
			sourceTree = BUILT_PRODUCTS_DIR;
		};
		44EF8AA72C64D0D300DB2F34 /* libPushwoosh.a */ = {
			isa = PBXReferenceProxy;
			fileType = archive.ar;
			path = libPushwoosh.a;
			remoteRef = 44EF8AA62C64D0D300DB2F34 /* PBXContainerItemProxy */;
			sourceTree = BUILT_PRODUCTS_DIR;
		};
		44EF8AA92C64D0D300DB2F34 /* Pushwoosh.framework */ = {
			isa = PBXReferenceProxy;
			fileType = wrapper.framework;
			path = Pushwoosh.framework;
			remoteRef = 44EF8AA82C64D0D300DB2F34 /* PBXContainerItemProxy */;
			sourceTree = BUILT_PRODUCTS_DIR;
		};
		44EF8AAB2C64D0D300DB2F34 /* libPushwoosh.watchOS.a */ = {
			isa = PBXReferenceProxy;
			fileType = archive.ar;
			path = libPushwoosh.watchOS.a;
			remoteRef = 44EF8AAA2C64D0D300DB2F34 /* PBXContainerItemProxy */;
			sourceTree = BUILT_PRODUCTS_DIR;
		};
		44EF8AAD2C64D0D300DB2F34 /* Pushwoosh.framework */ = {
			isa = PBXReferenceProxy;
			fileType = wrapper.framework;
			path = Pushwoosh.framework;
			remoteRef = 44EF8AAC2C64D0D300DB2F34 /* PBXContainerItemProxy */;
			sourceTree = BUILT_PRODUCTS_DIR;
		};
		44EF8AAF2C64D0D300DB2F34 /* PushwooshTests.xctest */ = {
			isa = PBXReferenceProxy;
			fileType = wrapper.cfbundle;
			path = PushwooshTests.xctest;
			remoteRef = 44EF8AAE2C64D0D300DB2F34 /* PBXContainerItemProxy */;
			sourceTree = BUILT_PRODUCTS_DIR;
		};
		44EF8AB12C64D0D300DB2F34 /* Pushwoosh.framework */ = {
			isa = PBXReferenceProxy;
			fileType = wrapper.framework;
			path = Pushwoosh.framework;
			remoteRef = 44EF8AB02C64D0D300DB2F34 /* PBXContainerItemProxy */;
			sourceTree = BUILT_PRODUCTS_DIR;
		};
/* End PBXReferenceProxy section */

/* Begin PBXResourcesBuildPhase section */
		97959575271C2AC400046A53 /* Resources */ = {
			isa = PBXResourcesBuildPhase;
			buildActionMask = 2147483647;
			files = (
				44EF8AB72C64D2A400DB2F34 /* PushwooshInboxBundle.bundle in Resources */,
				97959587271C2AC500046A53 /* LaunchScreen.storyboard in Resources */,
				97959584271C2AC500046A53 /* Assets.xcassets in Resources */,
				97959582271C2AC400046A53 /* Main.storyboard in Resources */,
			);
			runOnlyForDeploymentPostprocessing = 0;
		};
/* End PBXResourcesBuildPhase section */

/* Begin PBXSourcesBuildPhase section */
		97959573271C2AC400046A53 /* Sources */ = {
			isa = PBXSourcesBuildPhase;
			buildActionMask = 2147483647;
			files = (
				979595A2271C32C400046A53 /* CustomInboxViewController.swift in Sources */,
				9795957F271C2AC400046A53 /* ViewController.swift in Sources */,
				9795957B271C2AC400046A53 /* AppDelegate.swift in Sources */,
				9795957D271C2AC400046A53 /* SceneDelegate.swift in Sources */,
			);
			runOnlyForDeploymentPostprocessing = 0;
		};
/* End PBXSourcesBuildPhase section */

/* Begin PBXVariantGroup section */
		97959580271C2AC400046A53 /* Main.storyboard */ = {
			isa = PBXVariantGroup;
			children = (
				97959581271C2AC400046A53 /* Base */,
			);
			name = Main.storyboard;
			sourceTree = "<group>";
		};
		97959585271C2AC500046A53 /* LaunchScreen.storyboard */ = {
			isa = PBXVariantGroup;
			children = (
				97959586271C2AC500046A53 /* Base */,
			);
			name = LaunchScreen.storyboard;
			sourceTree = "<group>";
		};
/* End PBXVariantGroup section */

/* Begin XCBuildConfiguration section */
		97959589271C2AC500046A53 /* Debug */ = {
			isa = XCBuildConfiguration;
			buildSettings = {
				ALWAYS_SEARCH_USER_PATHS = NO;
				CLANG_ANALYZER_NONNULL = YES;
				CLANG_ANALYZER_NUMBER_OBJECT_CONVERSION = YES_AGGRESSIVE;
				CLANG_CXX_LANGUAGE_STANDARD = "gnu++17";
				CLANG_CXX_LIBRARY = "libc++";
				CLANG_ENABLE_MODULES = YES;
				CLANG_ENABLE_OBJC_ARC = YES;
				CLANG_ENABLE_OBJC_WEAK = YES;
				CLANG_WARN_BLOCK_CAPTURE_AUTORELEASING = YES;
				CLANG_WARN_BOOL_CONVERSION = YES;
				CLANG_WARN_COMMA = YES;
				CLANG_WARN_CONSTANT_CONVERSION = YES;
				CLANG_WARN_DEPRECATED_OBJC_IMPLEMENTATIONS = YES;
				CLANG_WARN_DIRECT_OBJC_ISA_USAGE = YES_ERROR;
				CLANG_WARN_DOCUMENTATION_COMMENTS = YES;
				CLANG_WARN_EMPTY_BODY = YES;
				CLANG_WARN_ENUM_CONVERSION = YES;
				CLANG_WARN_INFINITE_RECURSION = YES;
				CLANG_WARN_INT_CONVERSION = YES;
				CLANG_WARN_NON_LITERAL_NULL_CONVERSION = YES;
				CLANG_WARN_OBJC_IMPLICIT_RETAIN_SELF = YES;
				CLANG_WARN_OBJC_LITERAL_CONVERSION = YES;
				CLANG_WARN_OBJC_ROOT_CLASS = YES_ERROR;
				CLANG_WARN_QUOTED_INCLUDE_IN_FRAMEWORK_HEADER = YES;
				CLANG_WARN_RANGE_LOOP_ANALYSIS = YES;
				CLANG_WARN_STRICT_PROTOTYPES = YES;
				CLANG_WARN_SUSPICIOUS_MOVE = YES;
				CLANG_WARN_UNGUARDED_AVAILABILITY = YES_AGGRESSIVE;
				CLANG_WARN_UNREACHABLE_CODE = YES;
				CLANG_WARN__DUPLICATE_METHOD_MATCH = YES;
				COPY_PHASE_STRIP = NO;
				DEBUG_INFORMATION_FORMAT = dwarf;
				ENABLE_STRICT_OBJC_MSGSEND = YES;
				ENABLE_TESTABILITY = YES;
				EXCLUDED_ARCHS = "";
				GCC_C_LANGUAGE_STANDARD = gnu11;
				GCC_DYNAMIC_NO_PIC = NO;
				GCC_NO_COMMON_BLOCKS = YES;
				GCC_OPTIMIZATION_LEVEL = 0;
				GCC_PREPROCESSOR_DEFINITIONS = (
					"DEBUG=1",
					"$(inherited)",
				);
				GCC_WARN_64_TO_32_BIT_CONVERSION = YES;
				GCC_WARN_ABOUT_RETURN_TYPE = YES_ERROR;
				GCC_WARN_UNDECLARED_SELECTOR = YES;
				GCC_WARN_UNINITIALIZED_AUTOS = YES_AGGRESSIVE;
				GCC_WARN_UNUSED_FUNCTION = YES;
				GCC_WARN_UNUSED_VARIABLE = YES;
				IPHONEOS_DEPLOYMENT_TARGET = 15.0;
				MTL_ENABLE_DEBUG_INFO = INCLUDE_SOURCE;
				MTL_FAST_MATH = YES;
				ONLY_ACTIVE_ARCH = YES;
				SDKROOT = iphoneos;
				SWIFT_ACTIVE_COMPILATION_CONDITIONS = DEBUG;
				SWIFT_OPTIMIZATION_LEVEL = "-Onone";
				VALIDATE_PRODUCT = NO;
			};
			name = Debug;
		};
		9795958A271C2AC500046A53 /* Release */ = {
			isa = XCBuildConfiguration;
			buildSettings = {
				ALWAYS_SEARCH_USER_PATHS = NO;
				CLANG_ANALYZER_NONNULL = YES;
				CLANG_ANALYZER_NUMBER_OBJECT_CONVERSION = YES_AGGRESSIVE;
				CLANG_CXX_LANGUAGE_STANDARD = "gnu++17";
				CLANG_CXX_LIBRARY = "libc++";
				CLANG_ENABLE_MODULES = YES;
				CLANG_ENABLE_OBJC_ARC = YES;
				CLANG_ENABLE_OBJC_WEAK = YES;
				CLANG_WARN_BLOCK_CAPTURE_AUTORELEASING = YES;
				CLANG_WARN_BOOL_CONVERSION = YES;
				CLANG_WARN_COMMA = YES;
				CLANG_WARN_CONSTANT_CONVERSION = YES;
				CLANG_WARN_DEPRECATED_OBJC_IMPLEMENTATIONS = YES;
				CLANG_WARN_DIRECT_OBJC_ISA_USAGE = YES_ERROR;
				CLANG_WARN_DOCUMENTATION_COMMENTS = YES;
				CLANG_WARN_EMPTY_BODY = YES;
				CLANG_WARN_ENUM_CONVERSION = YES;
				CLANG_WARN_INFINITE_RECURSION = YES;
				CLANG_WARN_INT_CONVERSION = YES;
				CLANG_WARN_NON_LITERAL_NULL_CONVERSION = YES;
				CLANG_WARN_OBJC_IMPLICIT_RETAIN_SELF = YES;
				CLANG_WARN_OBJC_LITERAL_CONVERSION = YES;
				CLANG_WARN_OBJC_ROOT_CLASS = YES_ERROR;
				CLANG_WARN_QUOTED_INCLUDE_IN_FRAMEWORK_HEADER = YES;
				CLANG_WARN_RANGE_LOOP_ANALYSIS = YES;
				CLANG_WARN_STRICT_PROTOTYPES = YES;
				CLANG_WARN_SUSPICIOUS_MOVE = YES;
				CLANG_WARN_UNGUARDED_AVAILABILITY = YES_AGGRESSIVE;
				CLANG_WARN_UNREACHABLE_CODE = YES;
				CLANG_WARN__DUPLICATE_METHOD_MATCH = YES;
				COPY_PHASE_STRIP = NO;
				DEBUG_INFORMATION_FORMAT = "dwarf-with-dsym";
				ENABLE_NS_ASSERTIONS = NO;
				ENABLE_STRICT_OBJC_MSGSEND = YES;
				GCC_C_LANGUAGE_STANDARD = gnu11;
				GCC_NO_COMMON_BLOCKS = YES;
				GCC_WARN_64_TO_32_BIT_CONVERSION = YES;
				GCC_WARN_ABOUT_RETURN_TYPE = YES_ERROR;
				GCC_WARN_UNDECLARED_SELECTOR = YES;
				GCC_WARN_UNINITIALIZED_AUTOS = YES_AGGRESSIVE;
				GCC_WARN_UNUSED_FUNCTION = YES;
				GCC_WARN_UNUSED_VARIABLE = YES;
				IPHONEOS_DEPLOYMENT_TARGET = 15.0;
				MTL_ENABLE_DEBUG_INFO = NO;
				MTL_FAST_MATH = YES;
				ONLY_ACTIVE_ARCH = NO;
				SDKROOT = iphoneos;
				SWIFT_COMPILATION_MODE = wholemodule;
				SWIFT_OPTIMIZATION_LEVEL = "-O";
				VALIDATE_PRODUCT = YES;
			};
			name = Release;
		};
		9795958C271C2AC500046A53 /* Debug */ = {
			isa = XCBuildConfiguration;
			buildSettings = {
				ASSETCATALOG_COMPILER_APPICON_NAME = AppIcon;
				ASSETCATALOG_COMPILER_GLOBAL_ACCENT_COLOR_NAME = AccentColor;
				CODE_SIGN_ENTITLEMENTS = inbox/inbox.entitlements;
				CODE_SIGN_IDENTITY = "Apple Development";
				CODE_SIGN_STYLE = Manual;
				CURRENT_PROJECT_VERSION = 1;
				DEVELOPMENT_TEAM = "";
				FRAMEWORK_SEARCH_PATHS = (
					"$(PROJECT_DIR)/Frameworks",
					"$(PROJECT_DIR)",
				);
				GENERATE_INFOPLIST_FILE = YES;
				INFOPLIST_FILE = inbox/Info.plist;
				INFOPLIST_KEY_CFBundleDisplayName = inbox;
				INFOPLIST_KEY_UIApplicationSupportsIndirectInputEvents = YES;
				INFOPLIST_KEY_UILaunchStoryboardName = LaunchScreen;
				INFOPLIST_KEY_UIMainStoryboardFile = Main;
				INFOPLIST_KEY_UISupportedInterfaceOrientations_iPad = "UIInterfaceOrientationPortrait UIInterfaceOrientationPortraitUpsideDown UIInterfaceOrientationLandscapeLeft UIInterfaceOrientationLandscapeRight";
				INFOPLIST_KEY_UISupportedInterfaceOrientations_iPhone = "UIInterfaceOrientationPortrait UIInterfaceOrientationLandscapeLeft UIInterfaceOrientationLandscapeRight";
				INFOPLIST_KEY_UIUserInterfaceStyle = Light;
				IPHONEOS_DEPLOYMENT_TARGET = 13.0;
				LD_RUNPATH_SEARCH_PATHS = (
					"$(inherited)",
					"@executable_path/Frameworks",
				);
				MARKETING_VERSION = 1.0;
				PRODUCT_BUNDLE_IDENTIFIER = com.pushwoosh.demoapp;
				PRODUCT_NAME = "$(TARGET_NAME)";
				PROVISIONING_PROFILE_SPECIFIER = "";
				SWIFT_EMIT_LOC_STRINGS = YES;
				SWIFT_VERSION = 5.0;
				TARGETED_DEVICE_FAMILY = "1,2";
				VALIDATE_WORKSPACE = YES;
			};
			name = Debug;
		};
		9795958D271C2AC500046A53 /* Release */ = {
			isa = XCBuildConfiguration;
			buildSettings = {
				ASSETCATALOG_COMPILER_APPICON_NAME = AppIcon;
				ASSETCATALOG_COMPILER_GLOBAL_ACCENT_COLOR_NAME = AccentColor;
				CODE_SIGN_ENTITLEMENTS = inbox/inbox.entitlements;
				CODE_SIGN_IDENTITY = "Apple Development";
				CODE_SIGN_STYLE = Manual;
				CURRENT_PROJECT_VERSION = 1;
				DEVELOPMENT_TEAM = "";
				FRAMEWORK_SEARCH_PATHS = (
					"$(PROJECT_DIR)/Frameworks",
					"$(PROJECT_DIR)",
				);
				GENERATE_INFOPLIST_FILE = YES;
				INFOPLIST_FILE = inbox/Info.plist;
				INFOPLIST_KEY_CFBundleDisplayName = inbox;
				INFOPLIST_KEY_UIApplicationSupportsIndirectInputEvents = YES;
				INFOPLIST_KEY_UILaunchStoryboardName = LaunchScreen;
				INFOPLIST_KEY_UIMainStoryboardFile = Main;
				INFOPLIST_KEY_UISupportedInterfaceOrientations_iPad = "UIInterfaceOrientationPortrait UIInterfaceOrientationPortraitUpsideDown UIInterfaceOrientationLandscapeLeft UIInterfaceOrientationLandscapeRight";
				INFOPLIST_KEY_UISupportedInterfaceOrientations_iPhone = "UIInterfaceOrientationPortrait UIInterfaceOrientationLandscapeLeft UIInterfaceOrientationLandscapeRight";
				INFOPLIST_KEY_UIUserInterfaceStyle = Light;
				IPHONEOS_DEPLOYMENT_TARGET = 13.0;
				LD_RUNPATH_SEARCH_PATHS = (
					"$(inherited)",
					"@executable_path/Frameworks",
				);
				MARKETING_VERSION = 1.0;
				PRODUCT_BUNDLE_IDENTIFIER = com.pushwoosh.demoapp;
				PRODUCT_NAME = "$(TARGET_NAME)";
				PROVISIONING_PROFILE_SPECIFIER = "";
				SWIFT_EMIT_LOC_STRINGS = YES;
				SWIFT_VERSION = 5.0;
				TARGETED_DEVICE_FAMILY = "1,2";
				VALIDATE_WORKSPACE = YES;
			};
			name = Release;
		};
/* End XCBuildConfiguration section */

/* Begin XCConfigurationList section */
		97959572271C2AC300046A53 /* Build configuration list for PBXProject "inbox" */ = {
			isa = XCConfigurationList;
			buildConfigurations = (
				97959589271C2AC500046A53 /* Debug */,
				9795958A271C2AC500046A53 /* Release */,
			);
			defaultConfigurationIsVisible = 0;
			defaultConfigurationName = Release;
		};
		9795958B271C2AC500046A53 /* Build configuration list for PBXNativeTarget "inbox" */ = {
			isa = XCConfigurationList;
			buildConfigurations = (
				9795958C271C2AC500046A53 /* Debug */,
				9795958D271C2AC500046A53 /* Release */,
			);
			defaultConfigurationIsVisible = 0;
			defaultConfigurationName = Release;
		};
/* End XCConfigurationList section */
	};
	rootObject = 9795956F271C2AC300046A53 /* Project object */;
}
