{
  "object": {
    "pins": [
      {
        "package": "Pushwoosh",
        "repositoryURL": "https://github.com/Pushwoosh/Pushwoosh-XCFramework",
        "state": {
          "branch": "master",
          "revision": "0f0c4a38b6e2bb2d9e5adde7168364f9e5e50236",
          "version": null
        }
      },
      {
        "package": "PushwooshInboxUI",
        "repositoryURL": "https://github.com/Pushwoosh/PushwooshInboxUI-XCFramework",
        "state": {
          "branch": "main",
          "revision": "71f5dfd11563191fb6b423273a0bff039d4479d8",
          "version": null
        }
      }
    ]
  },
  "version": 1
}
