// !$*UTF8*$!
{
	archiveVersion = 1;
	classes = {
	};
	objectVersion = 56;
	objects = {

/* Begin PBXBuildFile section */
		4478BCB72C5B9C6D00DDC21C /* AppDelegate.swift in Sources */ = {isa = PBXBuildFile; fileRef = 4478BCB62C5B9C6D00DDC21C /* AppDelegate.swift */; };
		4478BCB92C5B9C6D00DDC21C /* SceneDelegate.swift in Sources */ = {isa = PBXBuildFile; fileRef = 4478BCB82C5B9C6D00DDC21C /* SceneDelegate.swift */; };
		4478BCBB2C5B9C6D00DDC21C /* ViewController.swift in Sources */ = {isa = PBXBuildFile; fileRef = 4478BCBA2C5B9C6D00DDC21C /* ViewController.swift */; };
		4478BCBE2C5B9C6D00DDC21C /* Base in Resources */ = {isa = PBXBuildFile; fileRef = 4478BCBD2C5B9C6D00DDC21C /* Base */; };
		4478BCC02C5B9C6E00DDC21C /* Assets.xcassets in Resources */ = {isa = PBXBuildFile; fileRef = 4478BCBF2C5B9C6E00DDC21C /* Assets.xcassets */; };
		4478BCC32C5B9C6E00DDC21C /* Base in Resources */ = {isa = PBXBuildFile; fileRef = 4478BCC22C5B9C6E00DDC21C /* Base */; };
		4478BCCE2C5B9C6F00DDC21C /* interactivepushTests.swift in Sources */ = {isa = PBXBuildFile; fileRef = 4478BCCD2C5B9C6F00DDC21C /* interactivepushTests.swift */; };
		4478BCD82C5B9C6F00DDC21C /* interactivepushUITests.swift in Sources */ = {isa = PBXBuildFile; fileRef = 4478BCD72C5B9C6F00DDC21C /* interactivepushUITests.swift */; };
		4478BCDA2C5B9C6F00DDC21C /* interactivepushUITestsLaunchTests.swift in Sources */ = {isa = PBXBuildFile; fileRef = 4478BCD92C5B9C6F00DDC21C /* interactivepushUITestsLaunchTests.swift */; };
		4478BCE92C5B9CAB00DDC21C /* Pushwoosh in Frameworks */ = {isa = PBXBuildFile; productRef = 4478BCE82C5B9CAB00DDC21C /* Pushwoosh */; };
		4478BCEC2C5B9F8800DDC21C /* CustomDelegate.swift in Sources */ = {isa = PBXBuildFile; fileRef = 4478BCEB2C5B9F8800DDC21C /* CustomDelegate.swift */; };
/* End PBXBuildFile section */

/* Begin PBXContainerItemProxy section */
		4478BCCA2C5B9C6F00DDC21C /* PBXContainerItemProxy */ = {
			isa = PBXContainerItemProxy;
			containerPortal = 4478BCAB2C5B9C6D00DDC21C /* Project object */;
			proxyType = 1;
			remoteGlobalIDString = 4478BCB22C5B9C6D00DDC21C;
			remoteInfo = interactivepush;
		};
		4478BCD42C5B9C6F00DDC21C /* PBXContainerItemProxy */ = {
			isa = PBXContainerItemProxy;
			containerPortal = 4478BCAB2C5B9C6D00DDC21C /* Project object */;
			proxyType = 1;
			remoteGlobalIDString = 4478BCB22C5B9C6D00DDC21C;
			remoteInfo = interactivepush;
		};
/* End PBXContainerItemProxy section */

/* Begin PBXFileReference section */
		4478BCB32C5B9C6D00DDC21C /* interactivepush.app */ = {isa = PBXFileReference; explicitFileType = wrapper.application; includeInIndex = 0; path = interactivepush.app; sourceTree = BUILT_PRODUCTS_DIR; };
		4478BCB62C5B9C6D00DDC21C /* AppDelegate.swift */ = {isa = PBXFileReference; lastKnownFileType = sourcecode.swift; path = AppDelegate.swift; sourceTree = "<group>"; };
		4478BCB82C5B9C6D00DDC21C /* SceneDelegate.swift */ = {isa = PBXFileReference; lastKnownFileType = sourcecode.swift; path = SceneDelegate.swift; sourceTree = "<group>"; };
		4478BCBA2C5B9C6D00DDC21C /* ViewController.swift */ = {isa = PBXFileReference; lastKnownFileType = sourcecode.swift; path = ViewController.swift; sourceTree = "<group>"; };
		4478BCBD2C5B9C6D00DDC21C /* Base */ = {isa = PBXFileReference; lastKnownFileType = file.storyboard; name = Base; path = Base.lproj/Main.storyboard; sourceTree = "<group>"; };
		4478BCBF2C5B9C6E00DDC21C /* Assets.xcassets */ = {isa = PBXFileReference; lastKnownFileType = folder.assetcatalog; path = Assets.xcassets; sourceTree = "<group>"; };
		4478BCC22C5B9C6E00DDC21C /* Base */ = {isa = PBXFileReference; lastKnownFileType = file.storyboard; name = Base; path = Base.lproj/LaunchScreen.storyboard; sourceTree = "<group>"; };
		4478BCC42C5B9C6E00DDC21C /* Info.plist */ = {isa = PBXFileReference; lastKnownFileType = text.plist.xml; path = Info.plist; sourceTree = "<group>"; };
		4478BCC92C5B9C6F00DDC21C /* interactivepushTests.xctest */ = {isa = PBXFileReference; explicitFileType = wrapper.cfbundle; includeInIndex = 0; path = interactivepushTests.xctest; sourceTree = BUILT_PRODUCTS_DIR; };
		4478BCCD2C5B9C6F00DDC21C /* interactivepushTests.swift */ = {isa = PBXFileReference; lastKnownFileType = sourcecode.swift; path = interactivepushTests.swift; sourceTree = "<group>"; };
		4478BCD32C5B9C6F00DDC21C /* interactivepushUITests.xctest */ = {isa = PBXFileReference; explicitFileType = wrapper.cfbundle; includeInIndex = 0; path = interactivepushUITests.xctest; sourceTree = BUILT_PRODUCTS_DIR; };
		4478BCD72C5B9C6F00DDC21C /* interactivepushUITests.swift */ = {isa = PBXFileReference; lastKnownFileType = sourcecode.swift; path = interactivepushUITests.swift; sourceTree = "<group>"; };
		4478BCD92C5B9C6F00DDC21C /* interactivepushUITestsLaunchTests.swift */ = {isa = PBXFileReference; lastKnownFileType = sourcecode.swift; path = interactivepushUITestsLaunchTests.swift; sourceTree = "<group>"; };
		4478BCEA2C5B9E0700DDC21C /* interactivepush.entitlements */ = {isa = PBXFileReference; lastKnownFileType = text.plist.entitlements; path = interactivepush.entitlements; sourceTree = "<group>"; };
		4478BCEB2C5B9F8800DDC21C /* CustomDelegate.swift */ = {isa = PBXFileReference; lastKnownFileType = sourcecode.swift; path = CustomDelegate.swift; sourceTree = "<group>"; };
/* End PBXFileReference section */

/* Begin PBXFrameworksBuildPhase section */
		4478BCB02C5B9C6D00DDC21C /* Frameworks */ = {
			isa = PBXFrameworksBuildPhase;
			buildActionMask = 2147483647;
			files = (
				4478BCE92C5B9CAB00DDC21C /* Pushwoosh in Frameworks */,
			);
			runOnlyForDeploymentPostprocessing = 0;
		};
		4478BCC62C5B9C6F00DDC21C /* Frameworks */ = {
			isa = PBXFrameworksBuildPhase;
			buildActionMask = 2147483647;
			files = (
			);
			runOnlyForDeploymentPostprocessing = 0;
		};
		4478BCD02C5B9C6F00DDC21C /* Frameworks */ = {
			isa = PBXFrameworksBuildPhase;
			buildActionMask = 2147483647;
			files = (
			);
			runOnlyForDeploymentPostprocessing = 0;
		};
/* End PBXFrameworksBuildPhase section */

/* Begin PBXGroup section */
		4478BCAA2C5B9C6D00DDC21C = {
			isa = PBXGroup;
			children = (
				4478BCB52C5B9C6D00DDC21C /* interactivepush */,
				4478BCCC2C5B9C6F00DDC21C /* interactivepushTests */,
				4478BCD62C5B9C6F00DDC21C /* interactivepushUITests */,
				4478BCB42C5B9C6D00DDC21C /* Products */,
				4478BCE72C5B9CAB00DDC21C /* Frameworks */,
			);
			sourceTree = "<group>";
		};
		4478BCB42C5B9C6D00DDC21C /* Products */ = {
			isa = PBXGroup;
			children = (
				4478BCB32C5B9C6D00DDC21C /* interactivepush.app */,
				4478BCC92C5B9C6F00DDC21C /* interactivepushTests.xctest */,
				4478BCD32C5B9C6F00DDC21C /* interactivepushUITests.xctest */,
			);
			name = Products;
			sourceTree = "<group>";
		};
		4478BCB52C5B9C6D00DDC21C /* interactivepush */ = {
			isa = PBXGroup;
			children = (
				4478BCEA2C5B9E0700DDC21C /* interactivepush.entitlements */,
				4478BCB62C5B9C6D00DDC21C /* AppDelegate.swift */,
				4478BCEB2C5B9F8800DDC21C /* CustomDelegate.swift */,
				4478BCB82C5B9C6D00DDC21C /* SceneDelegate.swift */,
				4478BCBA2C5B9C6D00DDC21C /* ViewController.swift */,
				4478BCBC2C5B9C6D00DDC21C /* Main.storyboard */,
				4478BCBF2C5B9C6E00DDC21C /* Assets.xcassets */,
				4478BCC12C5B9C6E00DDC21C /* LaunchScreen.storyboard */,
				4478BCC42C5B9C6E00DDC21C /* Info.plist */,
			);
			path = interactivepush;
			sourceTree = "<group>";
		};
		4478BCCC2C5B9C6F00DDC21C /* interactivepushTests */ = {
			isa = PBXGroup;
			children = (
				4478BCCD2C5B9C6F00DDC21C /* interactivepushTests.swift */,
			);
			path = interactivepushTests;
			sourceTree = "<group>";
		};
		4478BCD62C5B9C6F00DDC21C /* interactivepushUITests */ = {
			isa = PBXGroup;
			children = (
				4478BCD72C5B9C6F00DDC21C /* interactivepushUITests.swift */,
				4478BCD92C5B9C6F00DDC21C /* interactivepushUITestsLaunchTests.swift */,
			);
			path = interactivepushUITests;
			sourceTree = "<group>";
		};
		4478BCE72C5B9CAB00DDC21C /* Frameworks */ = {
			isa = PBXGroup;
			children = (
			);
			name = Frameworks;
			sourceTree = "<group>";
		};
/* End PBXGroup section */

/* Begin PBXNativeTarget section */
		4478BCB22C5B9C6D00DDC21C /* interactivepush */ = {
			isa = PBXNativeTarget;
			buildConfigurationList = 4478BCDD2C5B9C6F00DDC21C /* Build configuration list for PBXNativeTarget "interactivepush" */;
			buildPhases = (
				4478BCAF2C5B9C6D00DDC21C /* Sources */,
				4478BCB02C5B9C6D00DDC21C /* Frameworks */,
				4478BCB12C5B9C6D00DDC21C /* Resources */,
			);
			buildRules = (
			);
			dependencies = (
			);
			name = interactivepush;
			packageProductDependencies = (
				4478BCE82C5B9CAB00DDC21C /* Pushwoosh */,
			);
			productName = interactivepush;
			productReference = 4478BCB32C5B9C6D00DDC21C /* interactivepush.app */;
			productType = "com.apple.product-type.application";
		};
		4478BCC82C5B9C6F00DDC21C /* interactivepushTests */ = {
			isa = PBXNativeTarget;
			buildConfigurationList = 4478BCE02C5B9C6F00DDC21C /* Build configuration list for PBXNativeTarget "interactivepushTests" */;
			buildPhases = (
				4478BCC52C5B9C6F00DDC21C /* Sources */,
				4478BCC62C5B9C6F00DDC21C /* Frameworks */,
				4478BCC72C5B9C6F00DDC21C /* Resources */,
			);
			buildRules = (
			);
			dependencies = (
				4478BCCB2C5B9C6F00DDC21C /* PBXTargetDependency */,
			);
			name = interactivepushTests;
			productName = interactivepushTests;
			productReference = 4478BCC92C5B9C6F00DDC21C /* interactivepushTests.xctest */;
			productType = "com.apple.product-type.bundle.unit-test";
		};
		4478BCD22C5B9C6F00DDC21C /* interactivepushUITests */ = {
			isa = PBXNativeTarget;
			buildConfigurationList = 4478BCE32C5B9C6F00DDC21C /* Build configuration list for PBXNativeTarget "interactivepushUITests" */;
			buildPhases = (
				4478BCCF2C5B9C6F00DDC21C /* Sources */,
				4478BCD02C5B9C6F00DDC21C /* Frameworks */,
				4478BCD12C5B9C6F00DDC21C /* Resources */,
			);
			buildRules = (
			);
			dependencies = (
				4478BCD52C5B9C6F00DDC21C /* PBXTargetDependency */,
			);
			name = interactivepushUITests;
			productName = interactivepushUITests;
			productReference = 4478BCD32C5B9C6F00DDC21C /* interactivepushUITests.xctest */;
			productType = "com.apple.product-type.bundle.ui-testing";
		};
/* End PBXNativeTarget section */

/* Begin PBXProject section */
		4478BCAB2C5B9C6D00DDC21C /* Project object */ = {
			isa = PBXProject;
			attributes = {
				BuildIndependentTargetsInParallel = 1;
				LastSwiftUpdateCheck = 1540;
				LastUpgradeCheck = 1540;
				TargetAttributes = {
					4478BCB22C5B9C6D00DDC21C = {
						CreatedOnToolsVersion = 15.4;
					};
					4478BCC82C5B9C6F00DDC21C = {
						CreatedOnToolsVersion = 15.4;
						TestTargetID = 4478BCB22C5B9C6D00DDC21C;
					};
					4478BCD22C5B9C6F00DDC21C = {
						CreatedOnToolsVersion = 15.4;
						TestTargetID = 4478BCB22C5B9C6D00DDC21C;
					};
				};
			};
			buildConfigurationList = 4478BCAE2C5B9C6D00DDC21C /* Build configuration list for PBXProject "interactivepush" */;
			compatibilityVersion = "Xcode 14.0";
			developmentRegion = en;
			hasScannedForEncodings = 0;
			knownRegions = (
				en,
				Base,
			);
			mainGroup = 4478BCAA2C5B9C6D00DDC21C;
			packageReferences = (
				4478BCE62C5B9C9400DDC21C /* XCRemoteSwiftPackageReference "Pushwoosh-XCFramework" */,
			);
			productRefGroup = 4478BCB42C5B9C6D00DDC21C /* Products */;
			projectDirPath = "";
			projectRoot = "";
			targets = (
				4478BCB22C5B9C6D00DDC21C /* interactivepush */,
				4478BCC82C5B9C6F00DDC21C /* interactivepushTests */,
				4478BCD22C5B9C6F00DDC21C /* interactivepushUITests */,
			);
		};
/* End PBXProject section */

/* Begin PBXResourcesBuildPhase section */
		4478BCB12C5B9C6D00DDC21C /* Resources */ = {
			isa = PBXResourcesBuildPhase;
			buildActionMask = 2147483647;
			files = (
				4478BCC02C5B9C6E00DDC21C /* Assets.xcassets in Resources */,
				4478BCC32C5B9C6E00DDC21C /* Base in Resources */,
				4478BCBE2C5B9C6D00DDC21C /* Base in Resources */,
			);
			runOnlyForDeploymentPostprocessing = 0;
		};
		4478BCC72C5B9C6F00DDC21C /* Resources */ = {
			isa = PBXResourcesBuildPhase;
			buildActionMask = 2147483647;
			files = (
			);
			runOnlyForDeploymentPostprocessing = 0;
		};
		4478BCD12C5B9C6F00DDC21C /* Resources */ = {
			isa = PBXResourcesBuildPhase;
			buildActionMask = 2147483647;
			files = (
			);
			runOnlyForDeploymentPostprocessing = 0;
		};
/* End PBXResourcesBuildPhase section */

/* Begin PBXSourcesBuildPhase section */
		4478BCAF2C5B9C6D00DDC21C /* Sources */ = {
			isa = PBXSourcesBuildPhase;
			buildActionMask = 2147483647;
			files = (
				4478BCBB2C5B9C6D00DDC21C /* ViewController.swift in Sources */,
				4478BCEC2C5B9F8800DDC21C /* CustomDelegate.swift in Sources */,
				4478BCB72C5B9C6D00DDC21C /* AppDelegate.swift in Sources */,
				4478BCB92C5B9C6D00DDC21C /* SceneDelegate.swift in Sources */,
			);
			runOnlyForDeploymentPostprocessing = 0;
		};
		4478BCC52C5B9C6F00DDC21C /* Sources */ = {
			isa = PBXSourcesBuildPhase;
			buildActionMask = 2147483647;
			files = (
				4478BCCE2C5B9C6F00DDC21C /* interactivepushTests.swift in Sources */,
			);
			runOnlyForDeploymentPostprocessing = 0;
		};
		4478BCCF2C5B9C6F00DDC21C /* Sources */ = {
			isa = PBXSourcesBuildPhase;
			buildActionMask = 2147483647;
			files = (
				4478BCD82C5B9C6F00DDC21C /* interactivepushUITests.swift in Sources */,
				4478BCDA2C5B9C6F00DDC21C /* interactivepushUITestsLaunchTests.swift in Sources */,
			);
			runOnlyForDeploymentPostprocessing = 0;
		};
/* End PBXSourcesBuildPhase section */

/* Begin PBXTargetDependency section */
		4478BCCB2C5B9C6F00DDC21C /* PBXTargetDependency */ = {
			isa = PBXTargetDependency;
			target = 4478BCB22C5B9C6D00DDC21C /* interactivepush */;
			targetProxy = 4478BCCA2C5B9C6F00DDC21C /* PBXContainerItemProxy */;
		};
		4478BCD52C5B9C6F00DDC21C /* PBXTargetDependency */ = {
			isa = PBXTargetDependency;
			target = 4478BCB22C5B9C6D00DDC21C /* interactivepush */;
			targetProxy = 4478BCD42C5B9C6F00DDC21C /* PBXContainerItemProxy */;
		};
/* End PBXTargetDependency section */

/* Begin PBXVariantGroup section */
		4478BCBC2C5B9C6D00DDC21C /* Main.storyboard */ = {
			isa = PBXVariantGroup;
			children = (
				4478BCBD2C5B9C6D00DDC21C /* Base */,
			);
			name = Main.storyboard;
			sourceTree = "<group>";
		};
		4478BCC12C5B9C6E00DDC21C /* LaunchScreen.storyboard */ = {
			isa = PBXVariantGroup;
			children = (
				4478BCC22C5B9C6E00DDC21C /* Base */,
			);
			name = LaunchScreen.storyboard;
			sourceTree = "<group>";
		};
/* End PBXVariantGroup section */

/* Begin XCBuildConfiguration section */
		4478BCDB2C5B9C6F00DDC21C /* Debug */ = {
			isa = XCBuildConfiguration;
			buildSettings = {
				ALWAYS_SEARCH_USER_PATHS = NO;
				ASSETCATALOG_COMPILER_GENERATE_SWIFT_ASSET_SYMBOL_EXTENSIONS = YES;
				CLANG_ANALYZER_NONNULL = YES;
				CLANG_ANALYZER_NUMBER_OBJECT_CONVERSION = YES_AGGRESSIVE;
				CLANG_CXX_LANGUAGE_STANDARD = "gnu++20";
				CLANG_ENABLE_MODULES = YES;
				CLANG_ENABLE_OBJC_ARC = YES;
				CLANG_ENABLE_OBJC_WEAK = YES;
				CLANG_WARN_BLOCK_CAPTURE_AUTORELEASING = YES;
				CLANG_WARN_BOOL_CONVERSION = YES;
				CLANG_WARN_COMMA = YES;
				CLANG_WARN_CONSTANT_CONVERSION = YES;
				CLANG_WARN_DEPRECATED_OBJC_IMPLEMENTATIONS = YES;
				CLANG_WARN_DIRECT_OBJC_ISA_USAGE = YES_ERROR;
				CLANG_WARN_DOCUMENTATION_COMMENTS = YES;
				CLANG_WARN_EMPTY_BODY = YES;
				CLANG_WARN_ENUM_CONVERSION = YES;
				CLANG_WARN_INFINITE_RECURSION = YES;
				CLANG_WARN_INT_CONVERSION = YES;
				CLANG_WARN_NON_LITERAL_NULL_CONVERSION = YES;
				CLANG_WARN_OBJC_IMPLICIT_RETAIN_SELF = YES;
				CLANG_WARN_OBJC_LITERAL_CONVERSION = YES;
				CLANG_WARN_OBJC_ROOT_CLASS = YES_ERROR;
				CLANG_WARN_QUOTED_INCLUDE_IN_FRAMEWORK_HEADER = YES;
				CLANG_WARN_RANGE_LOOP_ANALYSIS = YES;
				CLANG_WARN_STRICT_PROTOTYPES = YES;
				CLANG_WARN_SUSPICIOUS_MOVE = YES;
				CLANG_WARN_UNGUARDED_AVAILABILITY = YES_AGGRESSIVE;
				CLANG_WARN_UNREACHABLE_CODE = YES;
				CLANG_WARN__DUPLICATE_METHOD_MATCH = YES;
				COPY_PHASE_STRIP = NO;
				DEBUG_INFORMATION_FORMAT = dwarf;
				ENABLE_STRICT_OBJC_MSGSEND = YES;
				ENABLE_TESTABILITY = YES;
				ENABLE_USER_SCRIPT_SANDBOXING = YES;
				GCC_C_LANGUAGE_STANDARD = gnu17;
				GCC_DYNAMIC_NO_PIC = NO;
				GCC_NO_COMMON_BLOCKS = YES;
				GCC_OPTIMIZATION_LEVEL = 0;
				GCC_PREPROCESSOR_DEFINITIONS = (
					"DEBUG=1",
					"$(inherited)",
				);
				GCC_WARN_64_TO_32_BIT_CONVERSION = YES;
				GCC_WARN_ABOUT_RETURN_TYPE = YES_ERROR;
				GCC_WARN_UNDECLARED_SELECTOR = YES;
				GCC_WARN_UNINITIALIZED_AUTOS = YES_AGGRESSIVE;
				GCC_WARN_UNUSED_FUNCTION = YES;
				GCC_WARN_UNUSED_VARIABLE = YES;
				IPHONEOS_DEPLOYMENT_TARGET = 17.5;
				LOCALIZATION_PREFERS_STRING_CATALOGS = YES;
				MTL_ENABLE_DEBUG_INFO = INCLUDE_SOURCE;
				MTL_FAST_MATH = YES;
				ONLY_ACTIVE_ARCH = YES;
				SDKROOT = iphoneos;
				SWIFT_ACTIVE_COMPILATION_CONDITIONS = "DEBUG $(inherited)";
				SWIFT_OPTIMIZATION_LEVEL = "-Onone";
			};
			name = Debug;
		};
		4478BCDC2C5B9C6F00DDC21C /* Release */ = {
			isa = XCBuildConfiguration;
			buildSettings = {
				ALWAYS_SEARCH_USER_PATHS = NO;
				ASSETCATALOG_COMPILER_GENERATE_SWIFT_ASSET_SYMBOL_EXTENSIONS = YES;
				CLANG_ANALYZER_NONNULL = YES;
				CLANG_ANALYZER_NUMBER_OBJECT_CONVERSION = YES_AGGRESSIVE;
				CLANG_CXX_LANGUAGE_STANDARD = "gnu++20";
				CLANG_ENABLE_MODULES = YES;
				CLANG_ENABLE_OBJC_ARC = YES;
				CLANG_ENABLE_OBJC_WEAK = YES;
				CLANG_WARN_BLOCK_CAPTURE_AUTORELEASING = YES;
				CLANG_WARN_BOOL_CONVERSION = YES;
				CLANG_WARN_COMMA = YES;
				CLANG_WARN_CONSTANT_CONVERSION = YES;
				CLANG_WARN_DEPRECATED_OBJC_IMPLEMENTATIONS = YES;
				CLANG_WARN_DIRECT_OBJC_ISA_USAGE = YES_ERROR;
				CLANG_WARN_DOCUMENTATION_COMMENTS = YES;
				CLANG_WARN_EMPTY_BODY = YES;
				CLANG_WARN_ENUM_CONVERSION = YES;
				CLANG_WARN_INFINITE_RECURSION = YES;
				CLANG_WARN_INT_CONVERSION = YES;
				CLANG_WARN_NON_LITERAL_NULL_CONVERSION = YES;
				CLANG_WARN_OBJC_IMPLICIT_RETAIN_SELF = YES;
				CLANG_WARN_OBJC_LITERAL_CONVERSION = YES;
				CLANG_WARN_OBJC_ROOT_CLASS = YES_ERROR;
				CLANG_WARN_QUOTED_INCLUDE_IN_FRAMEWORK_HEADER = YES;
				CLANG_WARN_RANGE_LOOP_ANALYSIS = YES;
				CLANG_WARN_STRICT_PROTOTYPES = YES;
				CLANG_WARN_SUSPICIOUS_MOVE = YES;
				CLANG_WARN_UNGUARDED_AVAILABILITY = YES_AGGRESSIVE;
				CLANG_WARN_UNREACHABLE_CODE = YES;
				CLANG_WARN__DUPLICATE_METHOD_MATCH = YES;
				COPY_PHASE_STRIP = NO;
				DEBUG_INFORMATION_FORMAT = "dwarf-with-dsym";
				ENABLE_NS_ASSERTIONS = NO;
				ENABLE_STRICT_OBJC_MSGSEND = YES;
				ENABLE_USER_SCRIPT_SANDBOXING = YES;
				GCC_C_LANGUAGE_STANDARD = gnu17;
				GCC_NO_COMMON_BLOCKS = YES;
				GCC_WARN_64_TO_32_BIT_CONVERSION = YES;
				GCC_WARN_ABOUT_RETURN_TYPE = YES_ERROR;
				GCC_WARN_UNDECLARED_SELECTOR = YES;
				GCC_WARN_UNINITIALIZED_AUTOS = YES_AGGRESSIVE;
				GCC_WARN_UNUSED_FUNCTION = YES;
				GCC_WARN_UNUSED_VARIABLE = YES;
				IPHONEOS_DEPLOYMENT_TARGET = 17.5;
				LOCALIZATION_PREFERS_STRING_CATALOGS = YES;
				MTL_ENABLE_DEBUG_INFO = NO;
				MTL_FAST_MATH = YES;
				SDKROOT = iphoneos;
				SWIFT_COMPILATION_MODE = wholemodule;
				VALIDATE_PRODUCT = YES;
			};
			name = Release;
		};
		4478BCDE2C5B9C6F00DDC21C /* Debug */ = {
			isa = XCBuildConfiguration;
			buildSettings = {
				ASSETCATALOG_COMPILER_APPICON_NAME = AppIcon;
				ASSETCATALOG_COMPILER_GLOBAL_ACCENT_COLOR_NAME = AccentColor;
				CODE_SIGN_ENTITLEMENTS = interactivepush/interactivepush.entitlements;
				CODE_SIGN_STYLE = Manual;
				CURRENT_PROJECT_VERSION = 1;
				DEVELOPMENT_TEAM = "";
				GENERATE_INFOPLIST_FILE = YES;
				INFOPLIST_FILE = interactivepush/Info.plist;
				INFOPLIST_KEY_UIApplicationSupportsIndirectInputEvents = YES;
				INFOPLIST_KEY_UILaunchStoryboardName = LaunchScreen;
				INFOPLIST_KEY_UIMainStoryboardFile = Main;
				INFOPLIST_KEY_UISupportedInterfaceOrientations_iPad = "UIInterfaceOrientationPortrait UIInterfaceOrientationPortraitUpsideDown UIInterfaceOrientationLandscapeLeft UIInterfaceOrientationLandscapeRight";
				INFOPLIST_KEY_UISupportedInterfaceOrientations_iPhone = "UIInterfaceOrientationPortrait UIInterfaceOrientationLandscapeLeft UIInterfaceOrientationLandscapeRight";
				LD_RUNPATH_SEARCH_PATHS = (
					"$(inherited)",
					"@executable_path/Frameworks",
				);
				MARKETING_VERSION = 1.0;
				PRODUCT_BUNDLE_IDENTIFIER = com.example.demoapp;
				PRODUCT_NAME = "$(TARGET_NAME)";
				PROVISIONING_PROFILE_SPECIFIER = "";
				SWIFT_EMIT_LOC_STRINGS = YES;
				SWIFT_VERSION = 5.0;
				TARGETED_DEVICE_FAMILY = "1,2";
			};
			name = Debug;
		};
		4478BCDF2C5B9C6F00DDC21C /* Release */ = {
			isa = XCBuildConfiguration;
			buildSettings = {
				ASSETCATALOG_COMPILER_APPICON_NAME = AppIcon;
				ASSETCATALOG_COMPILER_GLOBAL_ACCENT_COLOR_NAME = AccentColor;
				CODE_SIGN_ENTITLEMENTS = interactivepush/interactivepush.entitlements;
				CODE_SIGN_STYLE = Manual;
				CURRENT_PROJECT_VERSION = 1;
				DEVELOPMENT_TEAM = "";
				GENERATE_INFOPLIST_FILE = YES;
				INFOPLIST_FILE = interactivepush/Info.plist;
				INFOPLIST_KEY_UIApplicationSupportsIndirectInputEvents = YES;
				INFOPLIST_KEY_UILaunchStoryboardName = LaunchScreen;
				INFOPLIST_KEY_UIMainStoryboardFile = Main;
				INFOPLIST_KEY_UISupportedInterfaceOrientations_iPad = "UIInterfaceOrientationPortrait UIInterfaceOrientationPortraitUpsideDown UIInterfaceOrientationLandscapeLeft UIInterfaceOrientationLandscapeRight";
				INFOPLIST_KEY_UISupportedInterfaceOrientations_iPhone = "UIInterfaceOrientationPortrait UIInterfaceOrientationLandscapeLeft UIInterfaceOrientationLandscapeRight";
				LD_RUNPATH_SEARCH_PATHS = (
					"$(inherited)",
					"@executable_path/Frameworks",
				);
				MARKETING_VERSION = 1.0;
				PRODUCT_BUNDLE_IDENTIFIER = com.example.demoapp;
				PRODUCT_NAME = "$(TARGET_NAME)";
				PROVISIONING_PROFILE_SPECIFIER = "";
				SWIFT_EMIT_LOC_STRINGS = YES;
				SWIFT_VERSION = 5.0;
				TARGETED_DEVICE_FAMILY = "1,2";
			};
			name = Release;
		};
		4478BCE12C5B9C6F00DDC21C /* Debug */ = {
			isa = XCBuildConfiguration;
			buildSettings = {
				ALWAYS_EMBED_SWIFT_STANDARD_LIBRARIES = YES;
				BUNDLE_LOADER = "$(TEST_HOST)";
				CODE_SIGN_STYLE = Automatic;
				CURRENT_PROJECT_VERSION = 1;
				DEVELOPMENT_TEAM = EZ696X67SZ;
				GENERATE_INFOPLIST_FILE = YES;
				IPHONEOS_DEPLOYMENT_TARGET = 17.5;
				MARKETING_VERSION = 1.0;
				PRODUCT_BUNDLE_IDENTIFIER = com.pushwoosh.interactivepushTests;
				PRODUCT_NAME = "$(TARGET_NAME)";
				SWIFT_EMIT_LOC_STRINGS = NO;
				SWIFT_VERSION = 5.0;
				TARGETED_DEVICE_FAMILY = "1,2";
				TEST_HOST = "$(BUILT_PRODUCTS_DIR)/interactivepush.app/$(BUNDLE_EXECUTABLE_FOLDER_PATH)/interactivepush";
			};
			name = Debug;
		};
		4478BCE22C5B9C6F00DDC21C /* Release */ = {
			isa = XCBuildConfiguration;
			buildSettings = {
				ALWAYS_EMBED_SWIFT_STANDARD_LIBRARIES = YES;
				BUNDLE_LOADER = "$(TEST_HOST)";
				CODE_SIGN_STYLE = Automatic;
				CURRENT_PROJECT_VERSION = 1;
				DEVELOPMENT_TEAM = EZ696X67SZ;
				GENERATE_INFOPLIST_FILE = YES;
				IPHONEOS_DEPLOYMENT_TARGET = 17.5;
				MARKETING_VERSION = 1.0;
				PRODUCT_BUNDLE_IDENTIFIER = com.pushwoosh.interactivepushTests;
				PRODUCT_NAME = "$(TARGET_NAME)";
				SWIFT_EMIT_LOC_STRINGS = NO;
				SWIFT_VERSION = 5.0;
				TARGETED_DEVICE_FAMILY = "1,2";
				TEST_HOST = "$(BUILT_PRODUCTS_DIR)/interactivepush.app/$(BUNDLE_EXECUTABLE_FOLDER_PATH)/interactivepush";
			};
			name = Release;
		};
		4478BCE42C5B9C6F00DDC21C /* Debug */ = {
			isa = XCBuildConfiguration;
			buildSettings = {
				ALWAYS_EMBED_SWIFT_STANDARD_LIBRARIES = YES;
				CODE_SIGN_STYLE = Automatic;
				CURRENT_PROJECT_VERSION = 1;
				DEVELOPMENT_TEAM = EZ696X67SZ;
				GENERATE_INFOPLIST_FILE = YES;
				MARKETING_VERSION = 1.0;
				PRODUCT_BUNDLE_IDENTIFIER = com.pushwoosh.interactivepushUITests;
				PRODUCT_NAME = "$(TARGET_NAME)";
				SWIFT_EMIT_LOC_STRINGS = NO;
				SWIFT_VERSION = 5.0;
				TARGETED_DEVICE_FAMILY = "1,2";
				TEST_TARGET_NAME = interactivepush;
			};
			name = Debug;
		};
		4478BCE52C5B9C6F00DDC21C /* Release */ = {
			isa = XCBuildConfiguration;
			buildSettings = {
				ALWAYS_EMBED_SWIFT_STANDARD_LIBRARIES = YES;
				CODE_SIGN_STYLE = Automatic;
				CURRENT_PROJECT_VERSION = 1;
				DEVELOPMENT_TEAM = EZ696X67SZ;
				GENERATE_INFOPLIST_FILE = YES;
				MARKETING_VERSION = 1.0;
				PRODUCT_BUNDLE_IDENTIFIER = com.pushwoosh.interactivepushUITests;
				PRODUCT_NAME = "$(TARGET_NAME)";
				SWIFT_EMIT_LOC_STRINGS = NO;
				SWIFT_VERSION = 5.0;
				TARGETED_DEVICE_FAMILY = "1,2";
				TEST_TARGET_NAME = interactivepush;
			};
			name = Release;
		};
/* End XCBuildConfiguration section */

/* Begin XCConfigurationList section */
		4478BCAE2C5B9C6D00DDC21C /* Build configuration list for PBXProject "interactivepush" */ = {
			isa = XCConfigurationList;
			buildConfigurations = (
				4478BCDB2C5B9C6F00DDC21C /* Debug */,
				4478BCDC2C5B9C6F00DDC21C /* Release */,
			);
			defaultConfigurationIsVisible = 0;
			defaultConfigurationName = Release;
		};
		4478BCDD2C5B9C6F00DDC21C /* Build configuration list for PBXNativeTarget "interactivepush" */ = {
			isa = XCConfigurationList;
			buildConfigurations = (
				4478BCDE2C5B9C6F00DDC21C /* Debug */,
				4478BCDF2C5B9C6F00DDC21C /* Release */,
			);
			defaultConfigurationIsVisible = 0;
			defaultConfigurationName = Release;
		};
		4478BCE02C5B9C6F00DDC21C /* Build configuration list for PBXNativeTarget "interactivepushTests" */ = {
			isa = XCConfigurationList;
			buildConfigurations = (
				4478BCE12C5B9C6F00DDC21C /* Debug */,
				4478BCE22C5B9C6F00DDC21C /* Release */,
			);
			defaultConfigurationIsVisible = 0;
			defaultConfigurationName = Release;
		};
		4478BCE32C5B9C6F00DDC21C /* Build configuration list for PBXNativeTarget "interactivepushUITests" */ = {
			isa = XCConfigurationList;
			buildConfigurations = (
				4478BCE42C5B9C6F00DDC21C /* Debug */,
				4478BCE52C5B9C6F00DDC21C /* Release */,
			);
			defaultConfigurationIsVisible = 0;
			defaultConfigurationName = Release;
		};
/* End XCConfigurationList section */

/* Begin XCRemoteSwiftPackageReference section */
		4478BCE62C5B9C9400DDC21C /* XCRemoteSwiftPackageReference "Pushwoosh-XCFramework" */ = {
			isa = XCRemoteSwiftPackageReference;
			repositoryURL = "https://github.com/Pushwoosh/Pushwoosh-XCFramework";
			requirement = {
				kind = upToNextMajorVersion;
				minimumVersion = 6.6.0;
			};
		};
/* End XCRemoteSwiftPackageReference section */

/* Begin XCSwiftPackageProductDependency section */
		4478BCE82C5B9CAB00DDC21C /* Pushwoosh */ = {
			isa = XCSwiftPackageProductDependency;
			package = 4478BCE62C5B9C9400DDC21C /* XCRemoteSwiftPackageReference "Pushwoosh-XCFramework" */;
			productName = Pushwoosh;
		};
/* End XCSwiftPackageProductDependency section */
	};
	rootObject = 4478BCAB2C5B9C6D00DDC21C /* Project object */;
}
