{
  "originHash" : "dab0d4b438b7e4f317831f7abdb83d312867f4377e3b407e34ef9f86b0546c7f",
  "pins" : [
    {
      "identity" : "pushwoosh-xcframework",
      "kind" : "remoteSourceControl",
      "location" : "https://github.com/Pushwoosh/Pushwoosh-XCFramework",
      "state" : {
        "revision" : "e192069b06df03b6b3db4c9ccd94903f0d46d863",
        "version" : "7.0.4"
      }
    },
    {
      "identity" : "pushwooshgeozones-xcframework",
      "kind" : "remoteSourceControl",
      "location" : "https://github.com/Pushwoosh/PushwooshGeozones-XCFramework",
      "state" : {
        "revision" : "f921c10cdcd95418055e9037a9aaf6711270c744",
        "version" : "7.0.4"
      }
    }
  ],
  "version" : 3
}
